
Microsoft Visual Studio Solution File, Format Version 12.00
# Visual Studio Version 17
VisualStudioVersion = 17.0.31903.59
MinimumVisualStudioVersion = 10.0.40219.1
Project("{FAE04EC0-301F-11D3-BF4B-00C04F79EFBC}") = "SkipList", "SkipList.Src\SkipList.csproj", "{5C9B2AED-5DF4-41CC-A98C-59048E058B1A}"
EndProject
Project("{FAE04EC0-301F-11D3-BF4B-00C04F79EFBC}") = "SkipList.Tests", "SkipList.Tests\SkipList.Tests.csproj", "{A4F262A3-6427-4F18-B455-AABFB6D9607D}"
EndProject
Global
	GlobalSection(SolutionConfigurationPlatforms) = preSolution
		Debug|Any CPU = Debug|Any CPU
		Release|Any CPU = Release|Any CPU
	EndGlobalSection
	GlobalSection(SolutionProperties) = preSolution
		HideSolutionNode = FALSE
	EndGlobalSection
	GlobalSection(ProjectConfigurationPlatforms) = postSolution
		{5C9B2AED-5DF4-41CC-A98C-59048E058B1A}.Debug|Any CPU.ActiveCfg = Debug|Any CPU
		{5C9B2AED-5DF4-41CC-A98C-59048E058B1A}.Debug|Any CPU.Build.0 = Debug|Any CPU
		{5C9B2AED-5DF4-41CC-A98C-59048E058B1A}.Release|Any CPU.ActiveCfg = Release|Any CPU
		{5C9B2AED-5DF4-41CC-A98C-59048E058B1A}.Release|Any CPU.Build.0 = Release|Any CPU
		{A4F262A3-6427-4F18-B455-AABFB6D9607D}.Debug|Any CPU.ActiveCfg = Debug|Any CPU
		{A4F262A3-6427-4F18-B455-AABFB6D9607D}.Debug|Any CPU.Build.0 = Debug|Any CPU
		{A4F262A3-6427-4F18-B455-AABFB6D9607D}.Release|Any CPU.ActiveCfg = Release|Any CPU
		{A4F262A3-6427-4F18-B455-AABFB6D9607D}.Release|Any CPU.Build.0 = Release|Any CPU
	EndGlobalSection
EndGlobal
