
Microsoft Visual Studio Solution File, Format Version 12.00
# Visual Studio Version 17
VisualStudioVersion = 17.0.31903.59
MinimumVisualStudioVersion = 10.0.40219.1
Project("{FAE04EC0-301F-11D3-BF4B-00C04F79EFBC}") = "List", "List.Src\List.csproj", "{ED63D80C-A9CA-420F-834E-D699C06C8A2F}"
EndProject
Project("{FAE04EC0-301F-11D3-BF4B-00C04F79EFBC}") = "List.Tests", "List.Tests\List.Tests.csproj", "{6EC4DA67-6869-4EE6-A493-3AFBE7601FCB}"
EndProject
Global
	GlobalSection(SolutionConfigurationPlatforms) = preSolution
		Debug|Any CPU = Debug|Any CPU
		Release|Any CPU = Release|Any CPU
	EndGlobalSection
	GlobalSection(SolutionProperties) = preSolution
		HideSolutionNode = FALSE
	EndGlobalSection
	GlobalSection(ProjectConfigurationPlatforms) = postSolution
		{ED63D80C-A9CA-420F-834E-D699C06C8A2F}.Debug|Any CPU.ActiveCfg = Debug|Any CPU
		{ED63D80C-A9CA-420F-834E-D699C06C8A2F}.Debug|Any CPU.Build.0 = Debug|Any CPU
		{ED63D80C-A9CA-420F-834E-D699C06C8A2F}.Release|Any CPU.ActiveCfg = Release|Any CPU
		{ED63D80C-A9CA-420F-834E-D699C06C8A2F}.Release|Any CPU.Build.0 = Release|Any CPU
		{6EC4DA67-6869-4EE6-A493-3AFBE7601FCB}.Debug|Any CPU.ActiveCfg = Debug|Any CPU
		{6EC4DA67-6869-4EE6-A493-3AFBE7601FCB}.Debug|Any CPU.Build.0 = Debug|Any CPU
		{6EC4DA67-6869-4EE6-A493-3AFBE7601FCB}.Release|Any CPU.ActiveCfg = Release|Any CPU
		{6EC4DA67-6869-4EE6-A493-3AFBE7601FCB}.Release|Any CPU.Build.0 = Release|Any CPU
	EndGlobalSection
EndGlobal
