
Microsoft Visual Studio Solution File, Format Version 12.00
# Visual Studio Version 17
VisualStudioVersion = 17.5.002.0
MinimumVisualStudioVersion = 10.0.40219.1
Project("{9A19103F-16F7-4668-BE54-9A1E7A4F7556}") = "Calculator", "Calculator.csproj", "{C00182B2-EAFC-483A-AF8F-43F35D9578F9}"
EndProject
Global
	GlobalSection(SolutionConfigurationPlatforms) = preSolution
		Debug|Any CPU = Debug|Any CPU
		Release|Any CPU = Release|Any CPU
	EndGlobalSection
	GlobalSection(ProjectConfigurationPlatforms) = postSolution
		{C00182B2-EAFC-483A-AF8F-43F35D9578F9}.Debug|Any CPU.ActiveCfg = Debug|Any CPU
		{C00182B2-EAFC-483A-AF8F-43F35D9578F9}.Debug|Any CPU.Build.0 = Debug|Any CPU
		{C00182B2-EAFC-483A-AF8F-43F35D9578F9}.Release|Any CPU.ActiveCfg = Release|Any CPU
		{C00182B2-EAFC-483A-AF8F-43F35D9578F9}.Release|Any CPU.Build.0 = Release|Any CPU
	EndGlobalSection
	GlobalSection(SolutionProperties) = preSolution
		HideSolutionNode = FALSE
	EndGlobalSection
	GlobalSection(ExtensibilityGlobals) = postSolution
		SolutionGuid = {300CAC4A-1F4F-4A62-B0A7-E05B2BEC2439}
	EndGlobalSection
EndGlobal
